{
  "name": "preact-typescript-starter",
  "version": "1.0.0",
  "lockfileVersion": 1,
  "requires": true,
  "dependencies": {
    "preact": {
      "version": "10.5.4",
      "resolved": "https://registry.npmjs.org/preact/-/preact-10.5.4.tgz",
      "integrity": "sha512-u0LnVtL9WWF61RLzIbEsVFOdsahoTQkQqeRwyf4eWuLMFrxTH/C47tqcnizbUH54E4KG8UzuuZaMc9KarHmpqQ==",
      "dev": true
    },
    "typescript": {
      "version": "4.0.3",
      "resolved": "https://registry.npmjs.org/typescript/-/typescript-4.0.3.tgz",
      "integrity": "sha512-tEu6DGxGgRJPb/mVPIZ48e69xCn2yRmCgYmDugAVwmJ6o+0u1RI18eO7E7WBTLYLaEVVOhwQmcdhQHweux/WPg==",
      "dev": true
    }
  }
}
